
Microsoft Visual Studio Solution File, Format Version 12.00
# Visual Studio Version 16
VisualStudioVersion = 16.0.31005.135
MinimumVisualStudioVersion = 10.0.40219.1
Project("{FAE04EC0-301F-11D3-BF4B-00C04F79EFBC}") = "Apartment_App", "Apartment_App\Apartment_App.csproj", "{5A261C53-27C1-48F1-81EC-A0B639422DFF}"
EndProject
Global
	GlobalSection(SolutionConfigurationPlatforms) = preSolution
		Debug|Any CPU = Debug|Any CPU
		Release|Any CPU = Release|Any CPU
	EndGlobalSection
	GlobalSection(ProjectConfigurationPlatforms) = postSolution
		{5A261C53-27C1-48F1-81EC-A0B639422DFF}.Debug|Any CPU.ActiveCfg = Debug|Any CPU
		{5A261C53-27C1-48F1-81EC-A0B639422DFF}.Debug|Any CPU.Build.0 = Debug|Any CPU
		{5A261C53-27C1-48F1-81EC-A0B639422DFF}.Release|Any CPU.ActiveCfg = Release|Any CPU
		{5A261C53-27C1-48F1-81EC-A0B639422DFF}.Release|Any CPU.Build.0 = Release|Any CPU
	EndGlobalSection
	GlobalSection(SolutionProperties) = preSolution
		HideSolutionNode = FALSE
	EndGlobalSection
	GlobalSection(ExtensibilityGlobals) = postSolution
		SolutionGuid = {679E1424-9597-4E9E-A857-4476F59AB91A}
	EndGlobalSection
EndGlobal
